
Microsoft Visual Studio Solution File, Format Version 12.00
# Visual Studio Version 17
VisualStudioVersion = 17.13.35913.81 d17.13
MinimumVisualStudioVersion = 10.0.40219.1
Project("{FAE04EC0-301F-11D3-BF4B-00C04F79EFBC}") = "Demo.PL", "Demo.PL\Demo.PL.csproj", "{16236B86-56BD-44C5-9FD8-1A7B02DB51B5}"
EndProject
Project("{FAE04EC0-301F-11D3-BF4B-00C04F79EFBC}") = "Demo.DAL", "Demo.DAL\Demo.DAL.csproj", "{767770A2-D7A5-430B-BB91-1C80622FF7A5}"
EndProject
Project("{FAE04EC0-301F-11D3-BF4B-00C04F79EFBC}") = "Demo.BLL", "Demo.BLL\Demo.BLL.csproj", "{9C4E37E3-7DB9-4B58-8A5F-E95D23781EE0}"
EndProject
Global
	GlobalSection(SolutionConfigurationPlatforms) = preSolution
		Debug|Any CPU = Debug|Any CPU
		Release|Any CPU = Release|Any CPU
	EndGlobalSection
	GlobalSection(ProjectConfigurationPlatforms) = postSolution
		{16236B86-56BD-44C5-9FD8-1A7B02DB51B5}.Debug|Any CPU.ActiveCfg = Debug|Any CPU
		{16236B86-56BD-44C5-9FD8-1A7B02DB51B5}.Debug|Any CPU.Build.0 = Debug|Any CPU
		{16236B86-56BD-44C5-9FD8-1A7B02DB51B5}.Release|Any CPU.ActiveCfg = Release|Any CPU
		{16236B86-56BD-44C5-9FD8-1A7B02DB51B5}.Release|Any CPU.Build.0 = Release|Any CPU
		{767770A2-D7A5-430B-BB91-1C80622FF7A5}.Debug|Any CPU.ActiveCfg = Debug|Any CPU
		{767770A2-D7A5-430B-BB91-1C80622FF7A5}.Debug|Any CPU.Build.0 = Debug|Any CPU
		{767770A2-D7A5-430B-BB91-1C80622FF7A5}.Release|Any CPU.ActiveCfg = Release|Any CPU
		{767770A2-D7A5-430B-BB91-1C80622FF7A5}.Release|Any CPU.Build.0 = Release|Any CPU
		{9C4E37E3-7DB9-4B58-8A5F-E95D23781EE0}.Debug|Any CPU.ActiveCfg = Debug|Any CPU
		{9C4E37E3-7DB9-4B58-8A5F-E95D23781EE0}.Debug|Any CPU.Build.0 = Debug|Any CPU
		{9C4E37E3-7DB9-4B58-8A5F-E95D23781EE0}.Release|Any CPU.ActiveCfg = Release|Any CPU
		{9C4E37E3-7DB9-4B58-8A5F-E95D23781EE0}.Release|Any CPU.Build.0 = Release|Any CPU
	EndGlobalSection
	GlobalSection(SolutionProperties) = preSolution
		HideSolutionNode = FALSE
	EndGlobalSection
	GlobalSection(ExtensibilityGlobals) = postSolution
		SolutionGuid = {C2C1F871-65A5-4946-B320-DE2926F7F7CF}
	EndGlobalSection
EndGlobal
